
Microsoft Visual Studio Solution File, Format Version 12.00
# Visual Studio Version 17
VisualStudioVersion = 17.3.32901.215
MinimumVisualStudioVersion = 10.0.40219.1
Project("{8BC9CEB8-8B4A-11D0-8D11-00A0C91BC942}") = "App2", "App2\App2.vcxproj", "{6C0227F2-7817-45FF-9683-B40A61825C2A}"
EndProject
Global
	GlobalSection(SolutionConfigurationPlatforms) = preSolution
		Debug|x64 = Debug|x64
		Debug|x86 = Debug|x86
		Release|x64 = Release|x64
		Release|x86 = Release|x86
	EndGlobalSection
	GlobalSection(ProjectConfigurationPlatforms) = postSolution
		{6C0227F2-7817-45FF-9683-B40A61825C2A}.Debug|x64.ActiveCfg = Debug|x64
		{6C0227F2-7817-45FF-9683-B40A61825C2A}.Debug|x64.Build.0 = Debug|x64
		{6C0227F2-7817-45FF-9683-B40A61825C2A}.Debug|x86.ActiveCfg = Debug|Win32
		{6C0227F2-7817-45FF-9683-B40A61825C2A}.Debug|x86.Build.0 = Debug|Win32
		{6C0227F2-7817-45FF-9683-B40A61825C2A}.Release|x64.ActiveCfg = Release|x64
		{6C0227F2-7817-45FF-9683-B40A61825C2A}.Release|x64.Build.0 = Release|x64
		{6C0227F2-7817-45FF-9683-B40A61825C2A}.Release|x86.ActiveCfg = Release|Win32
		{6C0227F2-7817-45FF-9683-B40A61825C2A}.Release|x86.Build.0 = Release|Win32
	EndGlobalSection
	GlobalSection(SolutionProperties) = preSolution
		HideSolutionNode = FALSE
	EndGlobalSection
	GlobalSection(ExtensibilityGlobals) = postSolution
		SolutionGuid = {97B582DE-E44D-4E89-BDCE-D37A929532FA}
	EndGlobalSection
EndGlobal
